
Microsoft Visual Studio Solution File, Format Version 12.00
# Visual Studio Version 17
VisualStudioVersion = 17.14.36518.9
MinimumVisualStudioVersion = 10.0.40219.1
Project("{FAE04EC0-301F-11D3-BF4B-00C04F79EFBC}") = "Api", "Api\Api.csproj", "{6A12A2ED-F94A-4FDE-B0E2-0AA1D2AA3FF9}"
EndProject
Project("{FAE04EC0-301F-11D3-BF4B-00C04F79EFBC}") = "Pipeline", "Pipeline\Pipeline.csproj", "{3D80006D-61BA-4D82-A0D8-8DC34573BF96}"
EndProject
Project("{FAE04EC0-301F-11D3-BF4B-00C04F79EFBC}") = "PipelineTests", "PipelineTests\PipelineTests.csproj", "{7B58D0A3-B633-4C0A-87AD-AA38DEA0B469}"
EndProject
Global
	GlobalSection(SolutionConfigurationPlatforms) = preSolution
		Debug|Any CPU = Debug|Any CPU
		Debug|x64 = Debug|x64
		Debug|x86 = Debug|x86
		Release|Any CPU = Release|Any CPU
		Release|x64 = Release|x64
		Release|x86 = Release|x86
	EndGlobalSection
	GlobalSection(ProjectConfigurationPlatforms) = postSolution
		{6A12A2ED-F94A-4FDE-B0E2-0AA1D2AA3FF9}.Debug|Any CPU.ActiveCfg = Debug|Any CPU
		{6A12A2ED-F94A-4FDE-B0E2-0AA1D2AA3FF9}.Debug|Any CPU.Build.0 = Debug|Any CPU
		{6A12A2ED-F94A-4FDE-B0E2-0AA1D2AA3FF9}.Debug|x64.ActiveCfg = Debug|Any CPU
		{6A12A2ED-F94A-4FDE-B0E2-0AA1D2AA3FF9}.Debug|x64.Build.0 = Debug|Any CPU
		{6A12A2ED-F94A-4FDE-B0E2-0AA1D2AA3FF9}.Debug|x86.ActiveCfg = Debug|Any CPU
		{6A12A2ED-F94A-4FDE-B0E2-0AA1D2AA3FF9}.Debug|x86.Build.0 = Debug|Any CPU
		{6A12A2ED-F94A-4FDE-B0E2-0AA1D2AA3FF9}.Release|Any CPU.ActiveCfg = Release|Any CPU
		{6A12A2ED-F94A-4FDE-B0E2-0AA1D2AA3FF9}.Release|Any CPU.Build.0 = Release|Any CPU
		{6A12A2ED-F94A-4FDE-B0E2-0AA1D2AA3FF9}.Release|x64.ActiveCfg = Release|Any CPU
		{6A12A2ED-F94A-4FDE-B0E2-0AA1D2AA3FF9}.Release|x64.Build.0 = Release|Any CPU
		{6A12A2ED-F94A-4FDE-B0E2-0AA1D2AA3FF9}.Release|x86.ActiveCfg = Release|Any CPU
		{6A12A2ED-F94A-4FDE-B0E2-0AA1D2AA3FF9}.Release|x86.Build.0 = Release|Any CPU
		{3D80006D-61BA-4D82-A0D8-8DC34573BF96}.Debug|Any CPU.ActiveCfg = Debug|Any CPU
		{3D80006D-61BA-4D82-A0D8-8DC34573BF96}.Debug|Any CPU.Build.0 = Debug|Any CPU
		{3D80006D-61BA-4D82-A0D8-8DC34573BF96}.Debug|x64.ActiveCfg = Debug|Any CPU
		{3D80006D-61BA-4D82-A0D8-8DC34573BF96}.Debug|x64.Build.0 = Debug|Any CPU
		{3D80006D-61BA-4D82-A0D8-8DC34573BF96}.Debug|x86.ActiveCfg = Debug|Any CPU
		{3D80006D-61BA-4D82-A0D8-8DC34573BF96}.Debug|x86.Build.0 = Debug|Any CPU
		{3D80006D-61BA-4D82-A0D8-8DC34573BF96}.Release|Any CPU.ActiveCfg = Release|Any CPU
		{3D80006D-61BA-4D82-A0D8-8DC34573BF96}.Release|Any CPU.Build.0 = Release|Any CPU
		{3D80006D-61BA-4D82-A0D8-8DC34573BF96}.Release|x64.ActiveCfg = Release|Any CPU
		{3D80006D-61BA-4D82-A0D8-8DC34573BF96}.Release|x64.Build.0 = Release|Any CPU
		{3D80006D-61BA-4D82-A0D8-8DC34573BF96}.Release|x86.ActiveCfg = Release|Any CPU
		{3D80006D-61BA-4D82-A0D8-8DC34573BF96}.Release|x86.Build.0 = Release|Any CPU
		{7B58D0A3-B633-4C0A-87AD-AA38DEA0B469}.Debug|Any CPU.ActiveCfg = Debug|Any CPU
		{7B58D0A3-B633-4C0A-87AD-AA38DEA0B469}.Debug|Any CPU.Build.0 = Debug|Any CPU
		{7B58D0A3-B633-4C0A-87AD-AA38DEA0B469}.Debug|x64.ActiveCfg = Debug|Any CPU
		{7B58D0A3-B633-4C0A-87AD-AA38DEA0B469}.Debug|x64.Build.0 = Debug|Any CPU
		{7B58D0A3-B633-4C0A-87AD-AA38DEA0B469}.Debug|x86.ActiveCfg = Debug|Any CPU
		{7B58D0A3-B633-4C0A-87AD-AA38DEA0B469}.Debug|x86.Build.0 = Debug|Any CPU
		{7B58D0A3-B633-4C0A-87AD-AA38DEA0B469}.Release|Any CPU.ActiveCfg = Release|Any CPU
		{7B58D0A3-B633-4C0A-87AD-AA38DEA0B469}.Release|Any CPU.Build.0 = Release|Any CPU
		{7B58D0A3-B633-4C0A-87AD-AA38DEA0B469}.Release|x64.ActiveCfg = Release|Any CPU
		{7B58D0A3-B633-4C0A-87AD-AA38DEA0B469}.Release|x64.Build.0 = Release|Any CPU
		{7B58D0A3-B633-4C0A-87AD-AA38DEA0B469}.Release|x86.ActiveCfg = Release|Any CPU
		{7B58D0A3-B633-4C0A-87AD-AA38DEA0B469}.Release|x86.Build.0 = Release|Any CPU
	EndGlobalSection
	GlobalSection(SolutionProperties) = preSolution
		HideSolutionNode = FALSE
	EndGlobalSection
	GlobalSection(ExtensibilityGlobals) = postSolution
		SolutionGuid = {4F4D441A-AB9C-4D41-90CB-DBD0532A526D}
	EndGlobalSection
EndGlobal
